// !$*UTF8*$!
{ archiveVersion = 1; classes = {}; objectVersion = 56; objects = {
37AB0EFC11477B7F9984EF39 = { isa = PBXFileReference; lastKnownFileType = sourcecode.swift; path = "DeliveryRouteProbe.swiftpm/AddressGeocoder.swift"; sourceTree = "<group>"; };
2329144F21A60130715FA7BD = { isa = PBXBuildFile; fileRef = 37AB0EFC11477B7F9984EF39; };
C649F9778B8B5A89416B4933 = { isa = PBXFileReference; lastKnownFileType = sourcecode.swift; path = "DeliveryRouteProbe.swiftpm/App.swift"; sourceTree = "<group>"; };
48CD02DF754AD4A38EF8C21B = { isa = PBXBuildFile; fileRef = C649F9778B8B5A89416B4933; };
47431D4455E33E7656F43831 = { isa = PBXFileReference; lastKnownFileType = sourcecode.swift; path = "DeliveryRouteProbe.swiftpm/BrowserModel.swift"; sourceTree = "<group>"; };
E45EED5784C610A42184181D = { isa = PBXBuildFile; fileRef = 47431D4455E33E7656F43831; };
D940E03407CC1F7A369108B4 = { isa = PBXFileReference; lastKnownFileType = sourcecode.swift; path = "DeliveryRouteProbe.swiftpm/CargoAutoViews.swift"; sourceTree = "<group>"; };
0D5B5B3C856CF450B95FA671 = { isa = PBXBuildFile; fileRef = D940E03407CC1F7A369108B4; };
E8F902BD7E855314B917A392 = { isa = PBXFileReference; lastKnownFileType = sourcecode.swift; path = "DeliveryRouteProbe.swiftpm/CargoExamples.swift"; sourceTree = "<group>"; };
D9FDE134F955E7C18CF2FB80 = { isa = PBXBuildFile; fileRef = E8F902BD7E855314B917A392; };
ADCAF46D702659490CB5FE66 = { isa = PBXFileReference; lastKnownFileType = sourcecode.swift; path = "DeliveryRouteProbe.swiftpm/CargoModels.swift"; sourceTree = "<group>"; };
92465B4A473F83F2006020B2 = { isa = PBXBuildFile; fileRef = ADCAF46D702659490CB5FE66; };
6D1EEC64B75D7CF946526644 = { isa = PBXFileReference; lastKnownFileType = sourcecode.swift; path = "DeliveryRouteProbe.swiftpm/CargoViews.swift"; sourceTree = "<group>"; };
FB5C7BEB9212F0B6DFC6AF4C = { isa = PBXBuildFile; fileRef = 6D1EEC64B75D7CF946526644; };
EEFB0EF7A396C0336C2F03EA = { isa = PBXFileReference; lastKnownFileType = sourcecode.swift; path = "DeliveryRouteProbe.swiftpm/DriveViews.swift"; sourceTree = "<group>"; };
FE3F8B28C81858E56784380F = { isa = PBXBuildFile; fileRef = EEFB0EF7A396C0336C2F03EA; };
2845486C21E0CAE2D9ED875B = { isa = PBXFileReference; lastKnownFileType = sourcecode.swift; path = "DeliveryRouteProbe.swiftpm/InputDiagnostics.swift"; sourceTree = "<group>"; };
7FD8D13491D5650A065FD932 = { isa = PBXBuildFile; fileRef = 2845486C21E0CAE2D9ED875B; };
677E78166E2CF5E1BF375B29 = { isa = PBXFileReference; lastKnownFileType = sourcecode.swift; path = "DeliveryRouteProbe.swiftpm/IntegerInput.swift"; sourceTree = "<group>"; };
1C44D2F89F6093E2747588FA = { isa = PBXBuildFile; fileRef = 677E78166E2CF5E1BF375B29; };
3A5D8BD8DE38A951DCA49997 = { isa = PBXFileReference; lastKnownFileType = sourcecode.swift; path = "DeliveryRouteProbe.swiftpm/MapSupportSource.swift"; sourceTree = "<group>"; };
731513186686FD35CB5353E4 = { isa = PBXBuildFile; fileRef = 3A5D8BD8DE38A951DCA49997; };
BE26416832C4595F0973D52D = { isa = PBXFileReference; lastKnownFileType = sourcecode.swift; path = "DeliveryRouteProbe.swiftpm/Models.swift"; sourceTree = "<group>"; };
FD825685184AF3166D56C1B1 = { isa = PBXBuildFile; fileRef = BE26416832C4595F0973D52D; };
4C9B02AD59B4C218A19C8A33 = { isa = PBXFileReference; lastKnownFileType = sourcecode.swift; path = "DeliveryRouteProbe.swiftpm/NativeInputs.swift"; sourceTree = "<group>"; };
D506BBF9162EA638FC506591 = { isa = PBXBuildFile; fileRef = 4C9B02AD59B4C218A19C8A33; };
1DBEF851BEBBCE0932E5EEDB = { isa = PBXFileReference; lastKnownFileType = sourcecode.swift; path = "DeliveryRouteProbe.swiftpm/NaverAPIEngineSource.swift"; sourceTree = "<group>"; };
171BA72537CB5447521D0DE6 = { isa = PBXBuildFile; fileRef = 1DBEF851BEBBCE0932E5EEDB; };
4C4290736221900C8217EBA9 = { isa = PBXFileReference; lastKnownFileType = sourcecode.swift; path = "DeliveryRouteProbe.swiftpm/NaverAPIStore.swift"; sourceTree = "<group>"; };
1E31C40A4498FEE1956BA3B8 = { isa = PBXBuildFile; fileRef = 4C4290736221900C8217EBA9; };
6A7244A85CC0DC3601B48CC9 = { isa = PBXFileReference; lastKnownFileType = sourcecode.swift; path = "DeliveryRouteProbe.swiftpm/NaverAPIViews.swift"; sourceTree = "<group>"; };
7FC28C896BF501190473A2E9 = { isa = PBXBuildFile; fileRef = 6A7244A85CC0DC3601B48CC9; };
4BBCFFB559238092F19E88BB = { isa = PBXFileReference; lastKnownFileType = sourcecode.swift; path = "DeliveryRouteProbe.swiftpm/NaverCustomerStore.swift"; sourceTree = "<group>"; };
B7C3A74FB432591E2D2157F9 = { isa = PBXBuildFile; fileRef = 4BBCFFB559238092F19E88BB; };
E3FE3F53B4A91127074597C6 = { isa = PBXFileReference; lastKnownFileType = sourcecode.swift; path = "DeliveryRouteProbe.swiftpm/NaverCustomerViews.swift"; sourceTree = "<group>"; };
3061253CB3EDE25EEFAED0BC = { isa = PBXBuildFile; fileRef = E3FE3F53B4A91127074597C6; };
D55299462C4242F2BBFC7BA2 = { isa = PBXFileReference; lastKnownFileType = sourcecode.swift; path = "DeliveryRouteProbe.swiftpm/NaverPlaceEngineSource.swift"; sourceTree = "<group>"; };
6D287E7552EDC9F57AADCE88 = { isa = PBXBuildFile; fileRef = D55299462C4242F2BBFC7BA2; };
0144DF35F413D6DB7A8E0418 = { isa = PBXFileReference; lastKnownFileType = sourcecode.swift; path = "DeliveryRouteProbe.swiftpm/NaverPlaceModels.swift"; sourceTree = "<group>"; };
A5CEA288205752B8351B619C = { isa = PBXBuildFile; fileRef = 0144DF35F413D6DB7A8E0418; };
61BAA71EDA87B772C28BDA04 = { isa = PBXFileReference; lastKnownFileType = sourcecode.swift; path = "DeliveryRouteProbe.swiftpm/NaverPlaceViews.swift"; sourceTree = "<group>"; };
4A36C38B2D3A7A230F97548E = { isa = PBXBuildFile; fileRef = 61BAA71EDA87B772C28BDA04; };
0DBA9E87505A669C911D428D = { isa = PBXFileReference; lastKnownFileType = sourcecode.swift; path = "DeliveryRouteProbe.swiftpm/NaverSharedLink.swift"; sourceTree = "<group>"; };
80F2791FC242FF9714016F95 = { isa = PBXBuildFile; fileRef = 0DBA9E87505A669C911D428D; };
93D6BE8A38497B477EABB9EB = { isa = PBXFileReference; lastKnownFileType = sourcecode.swift; path = "DeliveryRouteProbe.swiftpm/NaverWebReader.swift"; sourceTree = "<group>"; };
68FCBED680B8104EA015C831 = { isa = PBXBuildFile; fileRef = 93D6BE8A38497B477EABB9EB; };
51AC2A23DC6E0BB7F4CF8B3A = { isa = PBXFileReference; lastKnownFileType = sourcecode.swift; path = "DeliveryRouteProbe.swiftpm/PlannerEngineSource.swift"; sourceTree = "<group>"; };
AE3B34B66ECE65120643821D = { isa = PBXBuildFile; fileRef = 51AC2A23DC6E0BB7F4CF8B3A; };
BD98053AEFEDE5FCEB07B120 = { isa = PBXFileReference; lastKnownFileType = sourcecode.swift; path = "DeliveryRouteProbe.swiftpm/PlannerModels.swift"; sourceTree = "<group>"; };
7CD84F3BD89F56D9C59BE2DE = { isa = PBXBuildFile; fileRef = BD98053AEFEDE5FCEB07B120; };
A92988E88A69AAE02AE822FB = { isa = PBXFileReference; lastKnownFileType = sourcecode.swift; path = "DeliveryRouteProbe.swiftpm/PlannerStore.swift"; sourceTree = "<group>"; };
926B715E8E47AA0BF8DAFDF5 = { isa = PBXBuildFile; fileRef = A92988E88A69AAE02AE822FB; };
18D40550F22C43C66D58AF34 = { isa = PBXFileReference; lastKnownFileType = sourcecode.swift; path = "DeliveryRouteProbe.swiftpm/PlannerViews.swift"; sourceTree = "<group>"; };
F9C75CC818AC67064880421C = { isa = PBXBuildFile; fileRef = 18D40550F22C43C66D58AF34; };
D1AFB7CB8CF1047BB1C58666 = { isa = PBXFileReference; lastKnownFileType = sourcecode.swift; path = "DeliveryRouteProbe.swiftpm/RoadEngineSource.swift"; sourceTree = "<group>"; };
43583CB7F6BBCC08F63D01FD = { isa = PBXBuildFile; fileRef = D1AFB7CB8CF1047BB1C58666; };
560B602F038235508B55EF24 = { isa = PBXFileReference; lastKnownFileType = sourcecode.swift; path = "DeliveryRouteProbe.swiftpm/RoadModels.swift"; sourceTree = "<group>"; };
E83054F5C080CF741896381F = { isa = PBXBuildFile; fileRef = 560B602F038235508B55EF24; };
39E3F0FB7E8FEF8548CD0878 = { isa = PBXFileReference; lastKnownFileType = sourcecode.swift; path = "DeliveryRouteProbe.swiftpm/RoadViews.swift"; sourceTree = "<group>"; };
50EB2A02FD144EED488F99BB = { isa = PBXBuildFile; fileRef = 39E3F0FB7E8FEF8548CD0878; };
FA05711F3B056D861560DFFE = { isa = PBXFileReference; lastKnownFileType = sourcecode.swift; path = "DeliveryRouteProbe.swiftpm/TMapEngineSource.swift"; sourceTree = "<group>"; };
458ADA023EF035D659098B9B = { isa = PBXBuildFile; fileRef = FA05711F3B056D861560DFFE; };
C7F501E5B1A7C779695E5B49 = { isa = PBXFileReference; lastKnownFileType = sourcecode.swift; path = "DeliveryRouteProbe.swiftpm/TMapModels.swift"; sourceTree = "<group>"; };
C7BEA471FECDC7FC78BD6E35 = { isa = PBXBuildFile; fileRef = C7F501E5B1A7C779695E5B49; };
DD78B1542B16AA6CFAABFC04 = { isa = PBXFileReference; lastKnownFileType = sourcecode.swift; path = "DeliveryRouteProbe.swiftpm/TMapStore.swift"; sourceTree = "<group>"; };
6E1C98C1C06B726D308D272E = { isa = PBXBuildFile; fileRef = DD78B1542B16AA6CFAABFC04; };
68D028D34A561214EA9AFEBA = { isa = PBXFileReference; lastKnownFileType = sourcecode.swift; path = "DeliveryRouteProbe.swiftpm/TMapViews.swift"; sourceTree = "<group>"; };
951825AA62E348A072AF79A0 = { isa = PBXBuildFile; fileRef = 68D028D34A561214EA9AFEBA; };
EF5A152AC1BB4BEA24B11832 = { isa = PBXFileReference; lastKnownFileType = sourcecode.swift; path = "DeliveryRouteProbe.swiftpm/TripEditors.swift"; sourceTree = "<group>"; };
E91B053CFC338A7905F8CE77 = { isa = PBXBuildFile; fileRef = EF5A152AC1BB4BEA24B11832; };
447A55E3D747EA9A9533AA4B = { isa = PBXFileReference; lastKnownFileType = sourcecode.swift; path = "DeliveryRouteProbe.swiftpm/TripModels.swift"; sourceTree = "<group>"; };
E8756CC39452F17074FF0765 = { isa = PBXBuildFile; fileRef = 447A55E3D747EA9A9533AA4B; };
9966EA554835A67469FDB999 = { isa = PBXFileReference; lastKnownFileType = sourcecode.swift; path = "DeliveryRouteProbe.swiftpm/TripRouteViews.swift"; sourceTree = "<group>"; };
0C0F842FB565225F477C57A7 = { isa = PBXBuildFile; fileRef = 9966EA554835A67469FDB999; };
611A4FC98D44B59979087B81 = { isa = PBXFileReference; lastKnownFileType = sourcecode.swift; path = "DeliveryRouteProbe.swiftpm/TripStore.swift"; sourceTree = "<group>"; };
B708F568C6776064E209C313 = { isa = PBXBuildFile; fileRef = 611A4FC98D44B59979087B81; };
30AF0D5FB0DDC2D6142E1513 = { isa = PBXFileReference; lastKnownFileType = sourcecode.swift; path = "DeliveryRouteProbe.swiftpm/TripViews.swift"; sourceTree = "<group>"; };
E37A777472D6661BC801AD06 = { isa = PBXBuildFile; fileRef = 30AF0D5FB0DDC2D6142E1513; };
38BB7321F68F6C50635DAED4 = { isa = PBXFileReference; lastKnownFileType = folder.assetcatalog; path = DeliveryRouteProbe.swiftpm/Assets.xcassets; sourceTree = "<group>"; };
D8774A947F93D7B40EBE67CA = { isa = PBXBuildFile; fileRef = 38BB7321F68F6C50635DAED4; };
A8792157CB4F27FB949C035F = { isa = PBXFileReference; explicitFileType = wrapper.application; includeInIndex = 0; path = DeliveryRouteProbe.app; sourceTree = BUILT_PRODUCTS_DIR; };
0D6E4079E36703EBD37C0072 = { isa = PBXGroup; children = (37AB0EFC11477B7F9984EF39,C649F9778B8B5A89416B4933,47431D4455E33E7656F43831,D940E03407CC1F7A369108B4,E8F902BD7E855314B917A392,ADCAF46D702659490CB5FE66,6D1EEC64B75D7CF946526644,EEFB0EF7A396C0336C2F03EA,2845486C21E0CAE2D9ED875B,677E78166E2CF5E1BF375B29,3A5D8BD8DE38A951DCA49997,BE26416832C4595F0973D52D,4C9B02AD59B4C218A19C8A33,1DBEF851BEBBCE0932E5EEDB,4C4290736221900C8217EBA9,6A7244A85CC0DC3601B48CC9,4BBCFFB559238092F19E88BB,E3FE3F53B4A91127074597C6,D55299462C4242F2BBFC7BA2,0144DF35F413D6DB7A8E0418,61BAA71EDA87B772C28BDA04,0DBA9E87505A669C911D428D,93D6BE8A38497B477EABB9EB,51AC2A23DC6E0BB7F4CF8B3A,BD98053AEFEDE5FCEB07B120,A92988E88A69AAE02AE822FB,18D40550F22C43C66D58AF34,D1AFB7CB8CF1047BB1C58666,560B602F038235508B55EF24,39E3F0FB7E8FEF8548CD0878,FA05711F3B056D861560DFFE,C7F501E5B1A7C779695E5B49,DD78B1542B16AA6CFAABFC04,68D028D34A561214EA9AFEBA,EF5A152AC1BB4BEA24B11832,447A55E3D747EA9A9533AA4B,9966EA554835A67469FDB999,611A4FC98D44B59979087B81,30AF0D5FB0DDC2D6142E1513,38BB7321F68F6C50635DAED4,0A3E27B8CA818264D75C8D81); sourceTree = "<group>"; };
0A3E27B8CA818264D75C8D81 = { isa = PBXGroup; children = (A8792157CB4F27FB949C035F); name = Products; sourceTree = "<group>"; };
878A52FC5FF6A57D50B7B870 = { isa = PBXSourcesBuildPhase; buildActionMask = 2147483647; files = (2329144F21A60130715FA7BD,48CD02DF754AD4A38EF8C21B,E45EED5784C610A42184181D,0D5B5B3C856CF450B95FA671,D9FDE134F955E7C18CF2FB80,92465B4A473F83F2006020B2,FB5C7BEB9212F0B6DFC6AF4C,FE3F8B28C81858E56784380F,7FD8D13491D5650A065FD932,1C44D2F89F6093E2747588FA,731513186686FD35CB5353E4,FD825685184AF3166D56C1B1,D506BBF9162EA638FC506591,171BA72537CB5447521D0DE6,1E31C40A4498FEE1956BA3B8,7FC28C896BF501190473A2E9,B7C3A74FB432591E2D2157F9,3061253CB3EDE25EEFAED0BC,6D287E7552EDC9F57AADCE88,A5CEA288205752B8351B619C,4A36C38B2D3A7A230F97548E,80F2791FC242FF9714016F95,68FCBED680B8104EA015C831,AE3B34B66ECE65120643821D,7CD84F3BD89F56D9C59BE2DE,926B715E8E47AA0BF8DAFDF5,F9C75CC818AC67064880421C,43583CB7F6BBCC08F63D01FD,E83054F5C080CF741896381F,50EB2A02FD144EED488F99BB,458ADA023EF035D659098B9B,C7BEA471FECDC7FC78BD6E35,6E1C98C1C06B726D308D272E,951825AA62E348A072AF79A0,E91B053CFC338A7905F8CE77,E8756CC39452F17074FF0765,0C0F842FB565225F477C57A7,B708F568C6776064E209C313,E37A777472D6661BC801AD06); runOnlyForDeploymentPostprocessing = 0; };
E2AA269EB967A8853A258BFA = { isa = PBXFrameworksBuildPhase; buildActionMask = 2147483647; files = (); runOnlyForDeploymentPostprocessing = 0; };
41D311A605520FC7B8B9A980 = { isa = PBXResourcesBuildPhase; buildActionMask = 2147483647; files = (D8774A947F93D7B40EBE67CA); runOnlyForDeploymentPostprocessing = 0; };
73EBF6644258C120893E685D = { isa = XCBuildConfiguration; buildSettings = {IPHONEOS_DEPLOYMENT_TARGET = "18.0"; SDKROOT = "iphoneos"; CLANG_ENABLE_MODULES = "YES"; CLANG_ENABLE_OBJC_ARC = "YES";}; name = Debug; };
0B0C687DF8B6B8DC790B519C = { isa = XCBuildConfiguration; buildSettings = {IPHONEOS_DEPLOYMENT_TARGET = "18.0"; SDKROOT = "iphoneos"; CLANG_ENABLE_MODULES = "YES"; CLANG_ENABLE_OBJC_ARC = "YES";}; name = Release; };
D69E6ABAEE8D1F0F03292F91 = { isa = XCConfigurationList; buildConfigurations = (73EBF6644258C120893E685D,0B0C687DF8B6B8DC790B519C); defaultConfigurationIsVisible = 0; defaultConfigurationName = Release; };
6C7EFF6369083C8E1F2B1994 = { isa = XCBuildConfiguration; buildSettings = {IPHONEOS_DEPLOYMENT_TARGET = "18.0"; SDKROOT = "iphoneos"; ASSETCATALOG_COMPILER_APPICON_NAME = "AppIcon"; PRODUCT_NAME = "$(TARGET_NAME)"; PRODUCT_BUNDLE_IDENTIFIER = "kr.deliverytools.routeprobe"; SWIFT_VERSION = "5.0"; SWIFT_STRICT_CONCURRENCY = "minimal"; TARGETED_DEVICE_FAMILY = "1,2"; INFOPLIST_FILE = "native/Info.plist"; GENERATE_INFOPLIST_FILE = "NO"; CODE_SIGN_STYLE = "Automatic"; SUPPORTED_PLATFORMS = "iphoneos iphonesimulator"; SUPPORTS_MACCATALYST = "NO"; MARKETING_VERSION = "0.14.0"; CURRENT_PROJECT_VERSION = "25"; LD_RUNPATH_SEARCH_PATHS = "$(inherited) @executable_path/Frameworks"; SWIFT_OPTIMIZATION_LEVEL = "-Onone"; SWIFT_ACTIVE_COMPILATION_CONDITIONS = "DEBUG";}; name = Debug; };
DD75E2CB1C510A828AC72D96 = { isa = XCBuildConfiguration; buildSettings = {IPHONEOS_DEPLOYMENT_TARGET = "18.0"; SDKROOT = "iphoneos"; ASSETCATALOG_COMPILER_APPICON_NAME = "AppIcon"; PRODUCT_NAME = "$(TARGET_NAME)"; PRODUCT_BUNDLE_IDENTIFIER = "kr.deliverytools.routeprobe"; SWIFT_VERSION = "5.0"; SWIFT_STRICT_CONCURRENCY = "minimal"; TARGETED_DEVICE_FAMILY = "1,2"; INFOPLIST_FILE = "native/Info.plist"; GENERATE_INFOPLIST_FILE = "NO"; CODE_SIGN_STYLE = "Automatic"; SUPPORTED_PLATFORMS = "iphoneos iphonesimulator"; SUPPORTS_MACCATALYST = "NO"; MARKETING_VERSION = "0.14.0"; CURRENT_PROJECT_VERSION = "25"; LD_RUNPATH_SEARCH_PATHS = "$(inherited) @executable_path/Frameworks"; SWIFT_OPTIMIZATION_LEVEL = "-O"; SWIFT_COMPILATION_MODE = "wholemodule"; DEBUG_INFORMATION_FORMAT = "dwarf-with-dsym";}; name = Release; };
28A8BB66987DD87BDA946B2E = { isa = XCConfigurationList; buildConfigurations = (6C7EFF6369083C8E1F2B1994,DD75E2CB1C510A828AC72D96); defaultConfigurationIsVisible = 0; defaultConfigurationName = Release; };
34A04005BCAF206EEC990BD9 = { isa = PBXNativeTarget; buildConfigurationList = 28A8BB66987DD87BDA946B2E; buildPhases = (878A52FC5FF6A57D50B7B870,E2AA269EB967A8853A258BFA,41D311A605520FC7B8B9A980); buildRules = (); dependencies = (); name = DeliveryRouteProbe; productName = DeliveryRouteProbe; productReference = A8792157CB4F27FB949C035F; productType = "com.apple.product-type.application"; };
244210E48437B6556980A702 = { isa = PBXProject; attributes = { LastSwiftUpdateCheck = 1600; LastUpgradeCheck = 1600; }; buildConfigurationList = D69E6ABAEE8D1F0F03292F91; compatibilityVersion = "Xcode 14.0"; developmentRegion = ko; hasScannedForEncodings = 0; knownRegions = (ko,en,Base); mainGroup = 0D6E4079E36703EBD37C0072; productRefGroup = 0A3E27B8CA818264D75C8D81; projectDirPath = ""; projectRoot = ""; targets = (34A04005BCAF206EEC990BD9); };
}; rootObject = 244210E48437B6556980A702; }
